// !$*UTF8*$!
{
	archiveVersion = 1;
	classes = {
	};
	objectVersion = 77;
	objects = {

/* Begin PBXContainerItemProxy section */
		6A706F2F2F9DD5AD006956A0 /* PBXContainerItemProxy */ = {
			isa = PBXContainerItemProxy;
			containerPortal = 6A706F192F9DD5AC006956A0 /* Project object */;
			proxyType = 1;
			remoteGlobalIDString = 6A706F202F9DD5AC006956A0;
			remoteInfo = TripSync;
		};
		6A706F392F9DD5AD006956A0 /* PBXContainerItemProxy */ = {
			isa = PBXContainerItemProxy;
			containerPortal = 6A706F192F9DD5AC006956A0 /* Project object */;
			proxyType = 1;
			remoteGlobalIDString = 6A706F202F9DD5AC006956A0;
			remoteInfo = TripSync;
		};
/* End PBXContainerItemProxy section */

/* Begin PBXFileReference section */
		6A706F212F9DD5AC006956A0 /* TripSync.app */ = {isa = PBXFileReference; explicitFileType = wrapper.application; includeInIndex = 0; path = TripSync.app; sourceTree = BUILT_PRODUCTS_DIR; };
		6A706F2E2F9DD5AD006956A0 /* TripSyncTests.xctest */ = {isa = PBXFileReference; explicitFileType = wrapper.cfbundle; includeInIndex = 0; path = TripSyncTests.xctest; sourceTree = BUILT_PRODUCTS_DIR; };
		6A706F382F9DD5AD006956A0 /* TripSyncUITests.xctest */ = {isa = PBXFileReference; explicitFileType = wrapper.cfbundle; includeInIndex = 0; path = TripSyncUITests.xctest; sourceTree = BUILT_PRODUCTS_DIR; };
/* End PBXFileReference section */

/* Begin PBXFileSystemSynchronizedRootGroup section */
		6A706F232F9DD5AC006956A0 /* TripSync */ = {
			isa = PBXFileSystemSynchronizedRootGroup;
			path = TripSync;
			sourceTree = "<group>";
		};
		6A706F312F9DD5AD006956A0 /* TripSyncTests */ = {
			isa = PBXFileSystemSynchronizedRootGroup;
			path = TripSyncTests;
			sourceTree = "<group>";
		};
		6A706F3B2F9DD5AD006956A0 /* TripSyncUITests */ = {
			isa = PBXFileSystemSynchronizedRootGroup;
			path = TripSyncUITests;
			sourceTree = "<group>";
		};
/* End PBXFileSystemSynchronizedRootGroup section */

/* Begin PBXFrameworksBuildPhase section */
		6A706F1E2F9DD5AC006956A0 /* Frameworks */ = {
			isa = PBXFrameworksBuildPhase;
			buildActionMask = 2147483647;
			files = (
			);
			runOnlyForDeploymentPostprocessing = 0;
		};
		6A706F2B2F9DD5AD006956A0 /* Frameworks */ = {
			isa = PBXFrameworksBuildPhase;
			buildActionMask = 2147483647;
			files = (
			);
			runOnlyForDeploymentPostprocessing = 0;
		};
		6A706F352F9DD5AD006956A0 /* Frameworks */ = {
			isa = PBXFrameworksBuildPhase;
			buildActionMask = 2147483647;
			files = (
			);
			runOnlyForDeploymentPostprocessing = 0;
		};
/* End PBXFrameworksBuildPhase section */

/* Begin PBXGroup section */
		6A706F182F9DD5AC006956A0 = {
			isa = PBXGroup;
			children = (
				6A706F232F9DD5AC006956A0 /* TripSync */,
				6A706F312F9DD5AD006956A0 /* TripSyncTests */,
				6A706F3B2F9DD5AD006956A0 /* TripSyncUITests */,
				6A706F222F9DD5AC006956A0 /* Products */,
			);
			sourceTree = "<group>";
		};
		6A706F222F9DD5AC006956A0 /* Products */ = {
			isa = PBXGroup;
			children = (
				6A706F212F9DD5AC006956A0 /* TripSync.app */,
				6A706F2E2F9DD5AD006956A0 /* TripSyncTests.xctest */,
				6A706F382F9DD5AD006956A0 /* TripSyncUITests.xctest */,
			);
			name = Products;
			sourceTree = "<group>";
		};
/* End PBXGroup section */

/* Begin PBXNativeTarget section */
		6A706F202F9DD5AC006956A0 /* TripSync */ = {
			isa = PBXNativeTarget;
			buildConfigurationList = 6A706F422F9DD5AD006956A0 /* Build configuration list for PBXNativeTarget "TripSync" */;
			buildPhases = (
				6A706F1D2F9DD5AC006956A0 /* Sources */,
				6A706F1E2F9DD5AC006956A0 /* Frameworks */,
				6A706F1F2F9DD5AC006956A0 /* Resources */,
			);
			buildRules = (
			);
			dependencies = (
			);
			fileSystemSynchronizedGroups = (
				6A706F232F9DD5AC006956A0 /* TripSync */,
			);
			name = TripSync;
			packageProductDependencies = (
			);
			productName = TripSync;
			productReference = 6A706F212F9DD5AC006956A0 /* TripSync.app */;
			productType = "com.apple.product-type.application";
		};
		6A706F2D2F9DD5AD006956A0 /* TripSyncTests */ = {
			isa = PBXNativeTarget;
			buildConfigurationList = 6A706F452F9DD5AD006956A0 /* Build configuration list for PBXNativeTarget "TripSyncTests" */;
			buildPhases = (
				6A706F2A2F9DD5AD006956A0 /* Sources */,
				6A706F2B2F9DD5AD006956A0 /* Frameworks */,
				6A706F2C2F9DD5AD006956A0 /* Resources */,
			);
			buildRules = (
			);
			dependencies = (
				6A706F302F9DD5AD006956A0 /* PBXTargetDependency */,
			);
			fileSystemSynchronizedGroups = (
				6A706F312F9DD5AD006956A0 /* TripSyncTests */,
			);
			name = TripSyncTests;
			packageProductDependencies = (
			);
			productName = TripSyncTests;
			productReference = 6A706F2E2F9DD5AD006956A0 /* TripSyncTests.xctest */;
			productType = "com.apple.product-type.bundle.unit-test";
		};
		6A706F372F9DD5AD006956A0 /* TripSyncUITests */ = {
			isa = PBXNativeTarget;
			buildConfigurationList = 6A706F482F9DD5AD006956A0 /* Build configuration list for PBXNativeTarget "TripSyncUITests" */;
			buildPhases = (
				6A706F342F9DD5AD006956A0 /* Sources */,
				6A706F352F9DD5AD006956A0 /* Frameworks */,
				6A706F362F9DD5AD006956A0 /* Resources */,
			);
			buildRules = (
			);
			dependencies = (
				6A706F3A2F9DD5AD006956A0 /* PBXTargetDependency */,
			);
			fileSystemSynchronizedGroups = (
				6A706F3B2F9DD5AD006956A0 /* TripSyncUITests */,
			);
			name = TripSyncUITests;
			packageProductDependencies = (
			);
			productName = TripSyncUITests;
			productReference = 6A706F382F9DD5AD006956A0 /* TripSyncUITests.xctest */;
			productType = "com.apple.product-type.bundle.ui-testing";
		};
/* End PBXNativeTarget section */

/* Begin PBXProject section */
		6A706F192F9DD5AC006956A0 /* Project object */ = {
			isa = PBXProject;
			attributes = {
				BuildIndependentTargetsInParallel = 1;
				LastSwiftUpdateCheck = 1630;
				LastUpgradeCheck = 1630;
				TargetAttributes = {
					6A706F202F9DD5AC006956A0 = {
						CreatedOnToolsVersion = 16.3;
					};
					6A706F2D2F9DD5AD006956A0 = {
						CreatedOnToolsVersion = 16.3;
						TestTargetID = 6A706F202F9DD5AC006956A0;
					};
					6A706F372F9DD5AD006956A0 = {
						CreatedOnToolsVersion = 16.3;
						TestTargetID = 6A706F202F9DD5AC006956A0;
					};
				};
			};
			buildConfigurationList = 6A706F1C2F9DD5AC006956A0 /* Build configuration list for PBXProject "TripSync" */;
			developmentRegion = en;
			hasScannedForEncodings = 0;
			knownRegions = (
				en,
				Base,
			);
			mainGroup = 6A706F182F9DD5AC006956A0;
			minimizedProjectReferenceProxies = 1;
			preferredProjectObjectVersion = 77;
			productRefGroup = 6A706F222F9DD5AC006956A0 /* Products */;
			projectDirPath = "";
			projectRoot = "";
			targets = (
				6A706F202F9DD5AC006956A0 /* TripSync */,
				6A706F2D2F9DD5AD006956A0 /* TripSyncTests */,
				6A706F372F9DD5AD006956A0 /* TripSyncUITests */,
			);
		};
/* End PBXProject section */

/* Begin PBXResourcesBuildPhase section */
		6A706F1F2F9DD5AC006956A0 /* Resources */ = {
			isa = PBXResourcesBuildPhase;
			buildActionMask = 2147483647;
			files = (
			);
			runOnlyForDeploymentPostprocessing = 0;
		};
		6A706F2C2F9DD5AD006956A0 /* Resources */ = {
			isa = PBXResourcesBuildPhase;
			buildActionMask = 2147483647;
			files = (
			);
			runOnlyForDeploymentPostprocessing = 0;
		};
		6A706F362F9DD5AD006956A0 /* Resources */ = {
			isa = PBXResourcesBuildPhase;
			buildActionMask = 2147483647;
			files = (
			);
			runOnlyForDeploymentPostprocessing = 0;
		};
/* End PBXResourcesBuildPhase section */

/* Begin PBXSourcesBuildPhase section */
		6A706F1D2F9DD5AC006956A0 /* Sources */ = {
			isa = PBXSourcesBuildPhase;
			buildActionMask = 2147483647;
			files = (
			);
			runOnlyForDeploymentPostprocessing = 0;
		};
		6A706F2A2F9DD5AD006956A0 /* Sources */ = {
			isa = PBXSourcesBuildPhase;
			buildActionMask = 2147483647;
			files = (
			);
			runOnlyForDeploymentPostprocessing = 0;
		};
		6A706F342F9DD5AD006956A0 /* Sources */ = {
			isa = PBXSourcesBuildPhase;
			buildActionMask = 2147483647;
			files = (
			);
			runOnlyForDeploymentPostprocessing = 0;
		};
/* End PBXSourcesBuildPhase section */

/* Begin PBXTargetDependency section */
		6A706F302F9DD5AD006956A0 /* PBXTargetDependency */ = {
			isa = PBXTargetDependency;
			target = 6A706F202F9DD5AC006956A0 /* TripSync */;
			targetProxy = 6A706F2F2F9DD5AD006956A0 /* PBXContainerItemProxy */;
		};
		6A706F3A2F9DD5AD006956A0 /* PBXTargetDependency */ = {
			isa = PBXTargetDependency;
			target = 6A706F202F9DD5AC006956A0 /* TripSync */;
			targetProxy = 6A706F392F9DD5AD006956A0 /* PBXContainerItemProxy */;
		};
/* End PBXTargetDependency section */

/* Begin XCBuildConfiguration section */
		6A706F402F9DD5AD006956A0 /* Debug */ = {
			isa = XCBuildConfiguration;
			buildSettings = {
				ALWAYS_SEARCH_USER_PATHS = NO;
				ASSETCATALOG_COMPILER_GENERATE_SWIFT_ASSET_SYMBOL_EXTENSIONS = YES;
				CLANG_ANALYZER_NONNULL = YES;
				CLANG_ANALYZER_NUMBER_OBJECT_CONVERSION = YES_AGGRESSIVE;
				CLANG_CXX_LANGUAGE_STANDARD = "gnu++20";
				CLANG_ENABLE_MODULES = YES;
				CLANG_ENABLE_OBJC_ARC = YES;
				CLANG_ENABLE_OBJC_WEAK = YES;
				CLANG_WARN_BLOCK_CAPTURE_AUTORELEASING = YES;
				CLANG_WARN_BOOL_CONVERSION = YES;
				CLANG_WARN_COMMA = YES;
				CLANG_WARN_CONSTANT_CONVERSION = YES;
				CLANG_WARN_DEPRECATED_OBJC_IMPLEMENTATIONS = YES;
				CLANG_WARN_DIRECT_OBJC_ISA_USAGE = YES_ERROR;
				CLANG_WARN_DOCUMENTATION_COMMENTS = YES;
				CLANG_WARN_EMPTY_BODY = YES;
				CLANG_WARN_ENUM_CONVERSION = YES;
				CLANG_WARN_INFINITE_RECURSION = YES;
				CLANG_WARN_INT_CONVERSION = YES;
				CLANG_WARN_NON_LITERAL_NULL_CONVERSION = YES;
				CLANG_WARN_OBJC_IMPLICIT_RETAIN_SELF = YES;
				CLANG_WARN_OBJC_LITERAL_CONVERSION = YES;
				CLANG_WARN_OBJC_ROOT_CLASS = YES_ERROR;
				CLANG_WARN_QUOTED_INCLUDE_IN_FRAMEWORK_HEADER = YES;
				CLANG_WARN_RANGE_LOOP_ANALYSIS = YES;
				CLANG_WARN_STRICT_PROTOTYPES = YES;
				CLANG_WARN_SUSPICIOUS_MOVE = YES;
				CLANG_WARN_UNGUARDED_AVAILABILITY = YES_AGGRESSIVE;
				CLANG_WARN_UNREACHABLE_CODE = YES;
				CLANG_WARN__DUPLICATE_METHOD_MATCH = YES;
				COPY_PHASE_STRIP = NO;
				DEBUG_INFORMATION_FORMAT = dwarf;
				DEVELOPMENT_TEAM = JP4TN5PTS3;
				ENABLE_STRICT_OBJC_MSGSEND = YES;
				ENABLE_TESTABILITY = YES;
				ENABLE_USER_SCRIPT_SANDBOXING = YES;
				GCC_C_LANGUAGE_STANDARD = gnu17;
				GCC_DYNAMIC_NO_PIC = NO;
				GCC_NO_COMMON_BLOCKS = YES;
				GCC_OPTIMIZATION_LEVEL = 0;
				GCC_PREPROCESSOR_DEFINITIONS = (
					"DEBUG=1",
					"$(inherited)",
				);
				GCC_WARN_64_TO_32_BIT_CONVERSION = YES;
				GCC_WARN_ABOUT_RETURN_TYPE = YES_ERROR;
				GCC_WARN_UNDECLARED_SELECTOR = YES;
				GCC_WARN_UNINITIALIZED_AUTOS = YES_AGGRESSIVE;
				GCC_WARN_UNUSED_FUNCTION = YES;
				GCC_WARN_UNUSED_VARIABLE = YES;
				IPHONEOS_DEPLOYMENT_TARGET = 18.4;
				LOCALIZATION_PREFERS_STRING_CATALOGS = YES;
				MTL_ENABLE_DEBUG_INFO = INCLUDE_SOURCE;
				MTL_FAST_MATH = YES;
				ONLY_ACTIVE_ARCH = YES;
				SDKROOT = iphoneos;
				SWIFT_ACTIVE_COMPILATION_CONDITIONS = "DEBUG $(inherited)";
				SWIFT_OPTIMIZATION_LEVEL = "-Onone";
			};
			name = Debug;
		};
		6A706F412F9DD5AD006956A0 /* Release */ = {
			isa = XCBuildConfiguration;
			buildSettings = {
				ALWAYS_SEARCH_USER_PATHS = NO;
				ASSETCATALOG_COMPILER_GENERATE_SWIFT_ASSET_SYMBOL_EXTENSIONS = YES;
				CLANG_ANALYZER_NONNULL = YES;
				CLANG_ANALYZER_NUMBER_OBJECT_CONVERSION = YES_AGGRESSIVE;
				CLANG_CXX_LANGUAGE_STANDARD = "gnu++20";
				CLANG_ENABLE_MODULES = YES;
				CLANG_ENABLE_OBJC_ARC = YES;
				CLANG_ENABLE_OBJC_WEAK = YES;
				CLANG_WARN_BLOCK_CAPTURE_AUTORELEASING = YES;
				CLANG_WARN_BOOL_CONVERSION = YES;
				CLANG_WARN_COMMA = YES;
				CLANG_WARN_CONSTANT_CONVERSION = YES;
				CLANG_WARN_DEPRECATED_OBJC_IMPLEMENTATIONS = YES;
				CLANG_WARN_DIRECT_OBJC_ISA_USAGE = YES_ERROR;
				CLANG_WARN_DOCUMENTATION_COMMENTS = YES;
				CLANG_WARN_EMPTY_BODY = YES;
				CLANG_WARN_ENUM_CONVERSION = YES;
				CLANG_WARN_INFINITE_RECURSION = YES;
				CLANG_WARN_INT_CONVERSION = YES;
				CLANG_WARN_NON_LITERAL_NULL_CONVERSION = YES;
				CLANG_WARN_OBJC_IMPLICIT_RETAIN_SELF = YES;
				CLANG_WARN_OBJC_LITERAL_CONVERSION = YES;
				CLANG_WARN_OBJC_ROOT_CLASS = YES_ERROR;
				CLANG_WARN_QUOTED_INCLUDE_IN_FRAMEWORK_HEADER = YES;
				CLANG_WARN_RANGE_LOOP_ANALYSIS = YES;
				CLANG_WARN_STRICT_PROTOTYPES = YES;
				CLANG_WARN_SUSPICIOUS_MOVE = YES;
				CLANG_WARN_UNGUARDED_AVAILABILITY = YES_AGGRESSIVE;
				CLANG_WARN_UNREACHABLE_CODE = YES;
				CLANG_WARN__DUPLICATE_METHOD_MATCH = YES;
				COPY_PHASE_STRIP = NO;
				DEBUG_INFORMATION_FORMAT = "dwarf-with-dsym";
				DEVELOPMENT_TEAM = JP4TN5PTS3;
				ENABLE_NS_ASSERTIONS = NO;
				ENABLE_STRICT_OBJC_MSGSEND = YES;
				ENABLE_USER_SCRIPT_SANDBOXING = YES;
				GCC_C_LANGUAGE_STANDARD = gnu17;
				GCC_NO_COMMON_BLOCKS = YES;
				GCC_WARN_64_TO_32_BIT_CONVERSION = YES;
				GCC_WARN_ABOUT_RETURN_TYPE = YES_ERROR;
				GCC_WARN_UNDECLARED_SELECTOR = YES;
				GCC_WARN_UNINITIALIZED_AUTOS = YES_AGGRESSIVE;
				GCC_WARN_UNUSED_FUNCTION = YES;
				GCC_WARN_UNUSED_VARIABLE = YES;
				IPHONEOS_DEPLOYMENT_TARGET = 18.4;
				LOCALIZATION_PREFERS_STRING_CATALOGS = YES;
				MTL_ENABLE_DEBUG_INFO = NO;
				MTL_FAST_MATH = YES;
				SDKROOT = iphoneos;
				SWIFT_COMPILATION_MODE = wholemodule;
				VALIDATE_PRODUCT = YES;
			};
			name = Release;
		};
		6A706F432F9DD5AD006956A0 /* Debug */ = {
			isa = XCBuildConfiguration;
			buildSettings = {
				ASSETCATALOG_COMPILER_APPICON_NAME = AppIcon;
				ASSETCATALOG_COMPILER_GLOBAL_ACCENT_COLOR_NAME = AccentColor;
				CODE_SIGN_STYLE = Automatic;
				CURRENT_PROJECT_VERSION = 1;
				DEVELOPMENT_TEAM = JP4TN5PTS3;
				ENABLE_PREVIEWS = YES;
				GENERATE_INFOPLIST_FILE = YES;
				INFOPLIST_KEY_UIApplicationSceneManifest_Generation = YES;
				INFOPLIST_KEY_UIApplicationSupportsIndirectInputEvents = YES;
				INFOPLIST_KEY_UILaunchScreen_Generation = YES;
				INFOPLIST_KEY_UISupportedInterfaceOrientations_iPad = "UIInterfaceOrientationPortrait UIInterfaceOrientationPortraitUpsideDown UIInterfaceOrientationLandscapeLeft UIInterfaceOrientationLandscapeRight";
				INFOPLIST_KEY_UISupportedInterfaceOrientations_iPhone = "UIInterfaceOrientationPortrait UIInterfaceOrientationLandscapeLeft UIInterfaceOrientationLandscapeRight";
				IPHONEOS_DEPLOYMENT_TARGET = 17;
				LD_RUNPATH_SEARCH_PATHS = (
					"$(inherited)",
					"@executable_path/Frameworks",
				);
				MARKETING_VERSION = 1.0;
				PRODUCT_BUNDLE_IDENTIFIER = com.zzoutuo.TripSync;
				PRODUCT_NAME = "$(TARGET_NAME)";
				SWIFT_EMIT_LOC_STRINGS = YES;
				SWIFT_VERSION = 5.0;
				TARGETED_DEVICE_FAMILY = "1,2";
			};
			name = Debug;
		};
		6A706F442F9DD5AD006956A0 /* Release */ = {
			isa = XCBuildConfiguration;
			buildSettings = {
				ASSETCATALOG_COMPILER_APPICON_NAME = AppIcon;
				ASSETCATALOG_COMPILER_GLOBAL_ACCENT_COLOR_NAME = AccentColor;
				CODE_SIGN_STYLE = Automatic;
				CURRENT_PROJECT_VERSION = 1;
				DEVELOPMENT_TEAM = JP4TN5PTS3;
				ENABLE_PREVIEWS = YES;
				GENERATE_INFOPLIST_FILE = YES;
				INFOPLIST_KEY_UIApplicationSceneManifest_Generation = YES;
				INFOPLIST_KEY_UIApplicationSupportsIndirectInputEvents = YES;
				INFOPLIST_KEY_UILaunchScreen_Generation = YES;
				INFOPLIST_KEY_UISupportedInterfaceOrientations_iPad = "UIInterfaceOrientationPortrait UIInterfaceOrientationPortraitUpsideDown UIInterfaceOrientationLandscapeLeft UIInterfaceOrientationLandscapeRight";
				INFOPLIST_KEY_UISupportedInterfaceOrientations_iPhone = "UIInterfaceOrientationPortrait UIInterfaceOrientationLandscapeLeft UIInterfaceOrientationLandscapeRight";
				IPHONEOS_DEPLOYMENT_TARGET = 17;
				LD_RUNPATH_SEARCH_PATHS = (
					"$(inherited)",
					"@executable_path/Frameworks",
				);
				MARKETING_VERSION = 1.0;
				PRODUCT_BUNDLE_IDENTIFIER = com.zzoutuo.TripSync;
				PRODUCT_NAME = "$(TARGET_NAME)";
				SWIFT_EMIT_LOC_STRINGS = YES;
				SWIFT_VERSION = 5.0;
				TARGETED_DEVICE_FAMILY = "1,2";
			};
			name = Release;
		};
		6A706F462F9DD5AD006956A0 /* Debug */ = {
			isa = XCBuildConfiguration;
			buildSettings = {
				BUNDLE_LOADER = "$(TEST_HOST)";
				CODE_SIGN_STYLE = Automatic;
				CURRENT_PROJECT_VERSION = 1;
				DEVELOPMENT_TEAM = JP4TN5PTS3;
				GENERATE_INFOPLIST_FILE = YES;
				IPHONEOS_DEPLOYMENT_TARGET = 18.4;
				MARKETING_VERSION = 1.0;
				PRODUCT_BUNDLE_IDENTIFIER = com.zzoutuo.TripSync.TripSyncTests;
				PRODUCT_NAME = "$(TARGET_NAME)";
				SWIFT_EMIT_LOC_STRINGS = NO;
				SWIFT_VERSION = 5.0;
				TARGETED_DEVICE_FAMILY = "1,2";
				TEST_HOST = "$(BUILT_PRODUCTS_DIR)/TripSync.app/$(BUNDLE_EXECUTABLE_FOLDER_PATH)/TripSync";
			};
			name = Debug;
		};
		6A706F472F9DD5AD006956A0 /* Release */ = {
			isa = XCBuildConfiguration;
			buildSettings = {
				BUNDLE_LOADER = "$(TEST_HOST)";
				CODE_SIGN_STYLE = Automatic;
				CURRENT_PROJECT_VERSION = 1;
				DEVELOPMENT_TEAM = JP4TN5PTS3;
				GENERATE_INFOPLIST_FILE = YES;
				IPHONEOS_DEPLOYMENT_TARGET = 18.4;
				MARKETING_VERSION = 1.0;
				PRODUCT_BUNDLE_IDENTIFIER = com.zzoutuo.TripSync.TripSyncTests;
				PRODUCT_NAME = "$(TARGET_NAME)";
				SWIFT_EMIT_LOC_STRINGS = NO;
				SWIFT_VERSION = 5.0;
				TARGETED_DEVICE_FAMILY = "1,2";
				TEST_HOST = "$(BUILT_PRODUCTS_DIR)/TripSync.app/$(BUNDLE_EXECUTABLE_FOLDER_PATH)/TripSync";
			};
			name = Release;
		};
		6A706F492F9DD5AD006956A0 /* Debug */ = {
			isa = XCBuildConfiguration;
			buildSettings = {
				CODE_SIGN_STYLE = Automatic;
				CURRENT_PROJECT_VERSION = 1;
				DEVELOPMENT_TEAM = JP4TN5PTS3;
				GENERATE_INFOPLIST_FILE = YES;
				MARKETING_VERSION = 1.0;
				PRODUCT_BUNDLE_IDENTIFIER = com.zzoutuo.TripSync.TripSyncUITests;
				PRODUCT_NAME = "$(TARGET_NAME)";
				SWIFT_EMIT_LOC_STRINGS = NO;
				SWIFT_VERSION = 5.0;
				TARGETED_DEVICE_FAMILY = "1,2";
				TEST_TARGET_NAME = TripSync;
			};
			name = Debug;
		};
		6A706F4A2F9DD5AD006956A0 /* Release */ = {
			isa = XCBuildConfiguration;
			buildSettings = {
				CODE_SIGN_STYLE = Automatic;
				CURRENT_PROJECT_VERSION = 1;
				DEVELOPMENT_TEAM = JP4TN5PTS3;
				GENERATE_INFOPLIST_FILE = YES;
				MARKETING_VERSION = 1.0;
				PRODUCT_BUNDLE_IDENTIFIER = com.zzoutuo.TripSync.TripSyncUITests;
				PRODUCT_NAME = "$(TARGET_NAME)";
				SWIFT_EMIT_LOC_STRINGS = NO;
				SWIFT_VERSION = 5.0;
				TARGETED_DEVICE_FAMILY = "1,2";
				TEST_TARGET_NAME = TripSync;
			};
			name = Release;
		};
/* End XCBuildConfiguration section */

/* Begin XCConfigurationList section */
		6A706F1C2F9DD5AC006956A0 /* Build configuration list for PBXProject "TripSync" */ = {
			isa = XCConfigurationList;
			buildConfigurations = (
				6A706F402F9DD5AD006956A0 /* Debug */,
				6A706F412F9DD5AD006956A0 /* Release */,
			);
			defaultConfigurationIsVisible = 0;
			defaultConfigurationName = Release;
		};
		6A706F422F9DD5AD006956A0 /* Build configuration list for PBXNativeTarget "TripSync" */ = {
			isa = XCConfigurationList;
			buildConfigurations = (
				6A706F432F9DD5AD006956A0 /* Debug */,
				6A706F442F9DD5AD006956A0 /* Release */,
			);
			defaultConfigurationIsVisible = 0;
			defaultConfigurationName = Release;
		};
		6A706F452F9DD5AD006956A0 /* Build configuration list for PBXNativeTarget "TripSyncTests" */ = {
			isa = XCConfigurationList;
			buildConfigurations = (
				6A706F462F9DD5AD006956A0 /* Debug */,
				6A706F472F9DD5AD006956A0 /* Release */,
			);
			defaultConfigurationIsVisible = 0;
			defaultConfigurationName = Release;
		};
		6A706F482F9DD5AD006956A0 /* Build configuration list for PBXNativeTarget "TripSyncUITests" */ = {
			isa = XCConfigurationList;
			buildConfigurations = (
				6A706F492F9DD5AD006956A0 /* Debug */,
				6A706F4A2F9DD5AD006956A0 /* Release */,
			);
			defaultConfigurationIsVisible = 0;
			defaultConfigurationName = Release;
		};
/* End XCConfigurationList section */
	};
	rootObject = 6A706F192F9DD5AC006956A0 /* Project object */;
}
